// !$*UTF8*$!
{
	archiveVersion = 1;
	classes = {
	};
	objectVersion = 46;
	objects = {

/* Begin PBXBuildFile section */
		08C6F5F926066A7600750680 /* LaunchScreen.storyboard in Resources */ = {isa = PBXBuildFile; fileRef = 08C6F5F826066A7500750680 /* LaunchScreen.storyboard */; };
		13B07FBC1A68108700A75B9A /* AppDelegate.m in Sources */ = {isa = PBXBuildFile; fileRef = 13B07FB01A68108700A75B9A /* AppDelegate.m */; };
		13B07FBF1A68108700A75B9A /* Images.xcassets in Resources */ = {isa = PBXBuildFile; fileRef = 13B07FB51A68108700A75B9A /* Images.xcassets */; };
		13B07FC11A68108700A75B9A /* main.m in Sources */ = {isa = PBXBuildFile; fileRef = 13B07FB71A68108700A75B9A /* main.m */; };
		20F357B024636CDF00C146DC /* File.swift in Sources */ = {isa = PBXBuildFile; fileRef = 20F357AF24636CDF00C146DC /* File.swift */; };
		3DC54BD3851EB5D598D6DA37 /* libPods-AccessibilityEngineExample.a in Frameworks */ = {isa = PBXBuildFile; fileRef = 0E1D5A441286632A60BB8841 /* libPods-AccessibilityEngineExample.a */; };
/* End PBXBuildFile section */

/* Begin PBXFileReference section */
		008F07F21AC5B25A0029DE68 /* main.jsbundle */ = {isa = PBXFileReference; fileEncoding = 4; lastKnownFileType = text; path = main.jsbundle; sourceTree = "<group>"; };
		08C6F5F826066A7500750680 /* LaunchScreen.storyboard */ = {isa = PBXFileReference; fileEncoding = 4; lastKnownFileType = file.storyboard; name = LaunchScreen.storyboard; path = AccessibilityEngineExample/LaunchScreen.storyboard; sourceTree = "<group>"; };
		0E1D5A441286632A60BB8841 /* libPods-AccessibilityEngineExample.a */ = {isa = PBXFileReference; explicitFileType = archive.ar; includeInIndex = 0; path = "libPods-AccessibilityEngineExample.a"; sourceTree = BUILT_PRODUCTS_DIR; };
		13B07F961A680F5B00A75B9A /* AccessibilityEngineExample.app */ = {isa = PBXFileReference; explicitFileType = wrapper.application; includeInIndex = 0; path = AccessibilityEngineExample.app; sourceTree = BUILT_PRODUCTS_DIR; };
		13B07FAF1A68108700A75B9A /* AppDelegate.h */ = {isa = PBXFileReference; fileEncoding = 4; lastKnownFileType = sourcecode.c.h; name = AppDelegate.h; path = AccessibilityEngineExample/AppDelegate.h; sourceTree = "<group>"; };
		13B07FB01A68108700A75B9A /* AppDelegate.m */ = {isa = PBXFileReference; fileEncoding = 4; lastKnownFileType = sourcecode.c.objc; name = AppDelegate.m; path = AccessibilityEngineExample/AppDelegate.m; sourceTree = "<group>"; };
		13B07FB51A68108700A75B9A /* Images.xcassets */ = {isa = PBXFileReference; lastKnownFileType = folder.assetcatalog; name = Images.xcassets; path = AccessibilityEngineExample/Images.xcassets; sourceTree = "<group>"; };
		13B07FB61A68108700A75B9A /* Info.plist */ = {isa = PBXFileReference; fileEncoding = 4; lastKnownFileType = text.plist.xml; name = Info.plist; path = AccessibilityEngineExample/Info.plist; sourceTree = "<group>"; };
		13B07FB71A68108700A75B9A /* main.m */ = {isa = PBXFileReference; fileEncoding = 4; lastKnownFileType = sourcecode.c.objc; name = main.m; path = AccessibilityEngineExample/main.m; sourceTree = "<group>"; };
		20F357AD24636CDE00C146DC /* AccessibilityEngineExample-Bridging-Header.h */ = {isa = PBXFileReference; lastKnownFileType = sourcecode.c.h; path = "AccessibilityEngineExample-Bridging-Header.h"; sourceTree = "<group>"; };
		20F357AE24636CDF00C146DC /* AccessibilityEngineExample-Bridging-Header.h */ = {isa = PBXFileReference; fileEncoding = 4; lastKnownFileType = sourcecode.c.h; path = "AccessibilityEngineExample-Bridging-Header.h"; sourceTree = "<group>"; };
		20F357AF24636CDF00C146DC /* File.swift */ = {isa = PBXFileReference; fileEncoding = 4; lastKnownFileType = sourcecode.swift; path = File.swift; sourceTree = "<group>"; };
		42D0AD517D6D48A2C784D71B /* Pods-AccessibilityEngineExample.debug.xcconfig */ = {isa = PBXFileReference; includeInIndex = 1; lastKnownFileType = text.xcconfig; name = "Pods-AccessibilityEngineExample.debug.xcconfig"; path = "Target Support Files/Pods-AccessibilityEngineExample/Pods-AccessibilityEngineExample.debug.xcconfig"; sourceTree = "<group>"; };
		B9552E280318416AFBCCDC24 /* Pods-AccessibilityEngineExample.release.xcconfig */ = {isa = PBXFileReference; includeInIndex = 1; lastKnownFileType = text.xcconfig; name = "Pods-AccessibilityEngineExample.release.xcconfig"; path = "Target Support Files/Pods-AccessibilityEngineExample/Pods-AccessibilityEngineExample.release.xcconfig"; sourceTree = "<group>"; };
		ED297162215061F000B7C4FE /* JavaScriptCore.framework */ = {isa = PBXFileReference; lastKnownFileType = wrapper.framework; name = JavaScriptCore.framework; path = System/Library/Frameworks/JavaScriptCore.framework; sourceTree = SDKROOT; };
/* End PBXFileReference section */

/* Begin PBXFrameworksBuildPhase section */
		13B07F8C1A680F5B00A75B9A /* Frameworks */ = {
			isa = PBXFrameworksBuildPhase;
			buildActionMask = 2147483647;
			files = (
				3DC54BD3851EB5D598D6DA37 /* libPods-AccessibilityEngineExample.a in Frameworks */,
			);
			runOnlyForDeploymentPostprocessing = 0;
		};
/* End PBXFrameworksBuildPhase section */

/* Begin PBXGroup section */
		13B07FAE1A68108700A75B9A /* AccessibilityEngineExample */ = {
			isa = PBXGroup;
			children = (
				08C6F5F826066A7500750680 /* LaunchScreen.storyboard */,
				008F07F21AC5B25A0029DE68 /* main.jsbundle */,
				13B07FAF1A68108700A75B9A /* AppDelegate.h */,
				13B07FB01A68108700A75B9A /* AppDelegate.m */,
				13B07FB51A68108700A75B9A /* Images.xcassets */,
				13B07FB61A68108700A75B9A /* Info.plist */,
				13B07FB71A68108700A75B9A /* main.m */,
			);
			name = AccessibilityEngineExample;
			sourceTree = "<group>";
		};
		1CFFDEF7170271C97B8B7E5A /* Pods */ = {
			isa = PBXGroup;
			children = (
				42D0AD517D6D48A2C784D71B /* Pods-AccessibilityEngineExample.debug.xcconfig */,
				B9552E280318416AFBCCDC24 /* Pods-AccessibilityEngineExample.release.xcconfig */,
			);
			path = Pods;
			sourceTree = "<group>";
		};
		2D16E6871FA4F8E400B85C8A /* Frameworks */ = {
			isa = PBXGroup;
			children = (
				ED297162215061F000B7C4FE /* JavaScriptCore.framework */,
				0E1D5A441286632A60BB8841 /* libPods-AccessibilityEngineExample.a */,
			);
			name = Frameworks;
			sourceTree = "<group>";
		};
		832341AE1AAA6A7D00B99B32 /* Libraries */ = {
			isa = PBXGroup;
			children = (
			);
			name = Libraries;
			sourceTree = "<group>";
		};
		83CBB9F61A601CBA00E9B192 = {
			isa = PBXGroup;
			children = (
				20F357AF24636CDF00C146DC /* File.swift */,
				20F357AE24636CDF00C146DC /* AccessibilityEngineExample-Bridging-Header.h */,
				13B07FAE1A68108700A75B9A /* AccessibilityEngineExample */,
				832341AE1AAA6A7D00B99B32 /* Libraries */,
				83CBBA001A601CBA00E9B192 /* Products */,
				2D16E6871FA4F8E400B85C8A /* Frameworks */,
				1CFFDEF7170271C97B8B7E5A /* Pods */,
				20F357AD24636CDE00C146DC /* AccessibilityEngineExample-Bridging-Header.h */,
			);
			indentWidth = 2;
			sourceTree = "<group>";
			tabWidth = 2;
			usesTabs = 0;
		};
		83CBBA001A601CBA00E9B192 /* Products */ = {
			isa = PBXGroup;
			children = (
				13B07F961A680F5B00A75B9A /* AccessibilityEngineExample.app */,
			);
			name = Products;
			sourceTree = "<group>";
		};
/* End PBXGroup section */

/* Begin PBXNativeTarget section */
		13B07F861A680F5B00A75B9A /* AccessibilityEngineExample */ = {
			isa = PBXNativeTarget;
			buildConfigurationList = 13B07F931A680F5B00A75B9A /* Build configuration list for PBXNativeTarget "AccessibilityEngineExample" */;
			buildPhases = (
				230AE2F926A27876183A4B6F /* [CP] Check Pods Manifest.lock */,
				FD10A7F022414F080027D42C /* Start Packager */,
				13B07F871A680F5B00A75B9A /* Sources */,
				13B07F8C1A680F5B00A75B9A /* Frameworks */,
				13B07F8E1A680F5B00A75B9A /* Resources */,
				00DD1BFF1BD5951E006B06BC /* Bundle React Native code and images */,
				EE725158CF82C7F0445CFE35 /* [CP] Embed Pods Frameworks */,
				BECFCF2C30F68FD137E9E21F /* [CP] Copy Pods Resources */,
			);
			buildRules = (
			);
			dependencies = (
			);
			name = AccessibilityEngineExample;
			productName = AccessibilityEngineExample;
			productReference = 13B07F961A680F5B00A75B9A /* AccessibilityEngineExample.app */;
			productType = "com.apple.product-type.application";
		};
/* End PBXNativeTarget section */

/* Begin PBXProject section */
		83CBB9F71A601CBA00E9B192 /* Project object */ = {
			isa = PBXProject;
			attributes = {
				LastUpgradeCheck = 0940;
				ORGANIZATIONNAME = Facebook;
				TargetAttributes = {
					13B07F861A680F5B00A75B9A = {
						DevelopmentTeam = 2NF9HETXX8;
						LastSwiftMigration = 1110;
					};
				};
			};
			buildConfigurationList = 83CBB9FA1A601CBA00E9B192 /* Build configuration list for PBXProject "AccessibilityEngineExample" */;
			compatibilityVersion = "Xcode 3.2";
			developmentRegion = English;
			hasScannedForEncodings = 0;
			knownRegions = (
				English,
				en,
				Base,
			);
			mainGroup = 83CBB9F61A601CBA00E9B192;
			productRefGroup = 83CBBA001A601CBA00E9B192 /* Products */;
			projectDirPath = "";
			projectRoot = "";
			targets = (
				13B07F861A680F5B00A75B9A /* AccessibilityEngineExample */,
			);
		};
/* End PBXProject section */

/* Begin PBXResourcesBuildPhase section */
		13B07F8E1A680F5B00A75B9A /* Resources */ = {
			isa = PBXResourcesBuildPhase;
			buildActionMask = 2147483647;
			files = (
				13B07FBF1A68108700A75B9A /* Images.xcassets in Resources */,
				08C6F5F926066A7600750680 /* LaunchScreen.storyboard in Resources */,
			);
			runOnlyForDeploymentPostprocessing = 0;
		};
/* End PBXResourcesBuildPhase section */

/* Begin PBXShellScriptBuildPhase section */
		00DD1BFF1BD5951E006B06BC /* Bundle React Native code and images */ = {
			isa = PBXShellScriptBuildPhase;
			buildActionMask = 2147483647;
			files = (
			);
			inputPaths = (
			);
			name = "Bundle React Native code and images";
			outputPaths = (
			);
			runOnlyForDeploymentPostprocessing = 0;
			shellPath = /bin/sh;
			shellScript = "export NODE_BINARY=node\n../node_modules/react-native/scripts/react-native-xcode.sh";
		};
		230AE2F926A27876183A4B6F /* [CP] Check Pods Manifest.lock */ = {
			isa = PBXShellScriptBuildPhase;
			buildActionMask = 2147483647;
			files = (
			);
			inputFileListPaths = (
			);
			inputPaths = (
				"${PODS_PODFILE_DIR_PATH}/Podfile.lock",
				"${PODS_ROOT}/Manifest.lock",
			);
			name = "[CP] Check Pods Manifest.lock";
			outputFileListPaths = (
			);
			outputPaths = (
				"$(DERIVED_FILE_DIR)/Pods-AccessibilityEngineExample-checkManifestLockResult.txt",
			);
			runOnlyForDeploymentPostprocessing = 0;
			shellPath = /bin/sh;
			shellScript = "diff \"${PODS_PODFILE_DIR_PATH}/Podfile.lock\" \"${PODS_ROOT}/Manifest.lock\" > /dev/null\nif [ $? != 0 ] ; then\n    # print error to STDERR\n    echo \"error: The sandbox is not in sync with the Podfile.lock. Run 'pod install' or update your CocoaPods installation.\" >&2\n    exit 1\nfi\n# This output is used by Xcode 'outputs' to avoid re-running this script phase.\necho \"SUCCESS\" > \"${SCRIPT_OUTPUT_FILE_0}\"\n";
			showEnvVarsInLog = 0;
		};
		BECFCF2C30F68FD137E9E21F /* [CP] Copy Pods Resources */ = {
			isa = PBXShellScriptBuildPhase;
			buildActionMask = 2147483647;
			files = (
			);
			inputPaths = (
				"${PODS_ROOT}/Target Support Files/Pods-AccessibilityEngineExample/Pods-AccessibilityEngineExample-resources.sh",
				"${PODS_CONFIGURATION_BUILD_DIR}/React-Core/AccessibilityResources.bundle",
			);
			name = "[CP] Copy Pods Resources";
			outputPaths = (
				"${TARGET_BUILD_DIR}/${UNLOCALIZED_RESOURCES_FOLDER_PATH}/AccessibilityResources.bundle",
			);
			runOnlyForDeploymentPostprocessing = 0;
			shellPath = /bin/sh;
			shellScript = "# \"${PODS_ROOT}/Target Support Files/Pods-AccessibilityEngineExample/Pods-AccessibilityEngineExample-resources.sh\"\n";
			showEnvVarsInLog = 0;
		};
		EE725158CF82C7F0445CFE35 /* [CP] Embed Pods Frameworks */ = {
			isa = PBXShellScriptBuildPhase;
			buildActionMask = 2147483647;
			files = (
			);
			inputPaths = (
				"${PODS_ROOT}/Target Support Files/Pods-AccessibilityEngineExample/Pods-AccessibilityEngineExample-frameworks.sh",
				"${PODS_XCFRAMEWORKS_BUILD_DIR}/OpenSSL-Universal/OpenSSL.framework/OpenSSL",
			);
			name = "[CP] Embed Pods Frameworks";
			outputPaths = (
				"${TARGET_BUILD_DIR}/${FRAMEWORKS_FOLDER_PATH}/OpenSSL.framework",
			);
			runOnlyForDeploymentPostprocessing = 0;
			shellPath = /bin/sh;
			shellScript = "\"${PODS_ROOT}/Target Support Files/Pods-AccessibilityEngineExample/Pods-AccessibilityEngineExample-frameworks.sh\"\n";
			showEnvVarsInLog = 0;
		};
		FD10A7F022414F080027D42C /* Start Packager */ = {
			isa = PBXShellScriptBuildPhase;
			buildActionMask = 2147483647;
			files = (
			);
			inputFileListPaths = (
			);
			inputPaths = (
			);
			name = "Start Packager";
			outputFileListPaths = (
			);
			outputPaths = (
			);
			runOnlyForDeploymentPostprocessing = 0;
			shellPath = /bin/sh;
			shellScript = "export RCT_METRO_PORT=\"${RCT_METRO_PORT:=8081}\"\necho \"export RCT_METRO_PORT=${RCT_METRO_PORT}\" > \"${SRCROOT}/../node_modules/react-native/scripts/.packager.env\"\nif [ -z \"${RCT_NO_LAUNCH_PACKAGER+xxx}\" ] ; then\n  if nc -w 5 -z localhost ${RCT_METRO_PORT} ; then\n    if ! curl -s \"http://localhost:${RCT_METRO_PORT}/status\" | grep -q \"packager-status:running\" ; then\n      echo \"Port ${RCT_METRO_PORT} already in use, packager is either not running or not running correctly\"\n      exit 2\n    fi\n  else\n    open \"$SRCROOT/../node_modules/react-native/scripts/launchPackager.command\" || echo \"Can't start packager automatically\"\n  fi\nfi\n";
			showEnvVarsInLog = 0;
		};
/* End PBXShellScriptBuildPhase section */

/* Begin PBXSourcesBuildPhase section */
		13B07F871A680F5B00A75B9A /* Sources */ = {
			isa = PBXSourcesBuildPhase;
			buildActionMask = 2147483647;
			files = (
				13B07FBC1A68108700A75B9A /* AppDelegate.m in Sources */,
				20F357B024636CDF00C146DC /* File.swift in Sources */,
				13B07FC11A68108700A75B9A /* main.m in Sources */,
			);
			runOnlyForDeploymentPostprocessing = 0;
		};
/* End PBXSourcesBuildPhase section */

/* Begin XCBuildConfiguration section */
		13B07F941A680F5B00A75B9A /* Debug */ = {
			isa = XCBuildConfiguration;
			baseConfigurationReference = 42D0AD517D6D48A2C784D71B /* Pods-AccessibilityEngineExample.debug.xcconfig */;
			buildSettings = {
				ASSETCATALOG_COMPILER_APPICON_NAME = AppIcon;
				CLANG_ENABLE_MODULES = YES;
				CURRENT_PROJECT_VERSION = 1;
				DEAD_CODE_STRIPPING = NO;
				DEVELOPMENT_TEAM = 2NF9HETXX8;
				"EXCLUDED_ARCHS[sdk=iphonesimulator*]" = arm64;
				INFOPLIST_FILE = AccessibilityEngineExample/Info.plist;
				LD_RUNPATH_SEARCH_PATHS = "$(inherited) @executable_path/Frameworks";
				LIBRARY_SEARCH_PATHS = (
					"$(SDKROOT)/usr/lib/swift",
					"$(inherited)",
				);
				OTHER_CFLAGS = (
					"$(inherited)",
					"-DFB_SONARKIT_ENABLED=1",
				);
				OTHER_LDFLAGS = (
					"$(inherited)",
					"-ObjC",
					"-lc++",
				);
				PRODUCT_BUNDLE_IDENTIFIER = "org.reactjs.native.AccessibilityEngineExample.$(PRODUCT_NAME:rfc1034identifier)";
				PRODUCT_NAME = AccessibilityEngineExample;
				SWIFT_OBJC_BRIDGING_HEADER = "AccessibilityEngineExample-Bridging-Header.h";
				SWIFT_OPTIMIZATION_LEVEL = "-Onone";
				SWIFT_VERSION = 5.0;
				VERSIONING_SYSTEM = "apple-generic";
			};
			name = Debug;
		};
		13B07F951A680F5B00A75B9A /* Release */ = {
			isa = XCBuildConfiguration;
			baseConfigurationReference = B9552E280318416AFBCCDC24 /* Pods-AccessibilityEngineExample.release.xcconfig */;
			buildSettings = {
				ASSETCATALOG_COMPILER_APPICON_NAME = AppIcon;
				CLANG_ENABLE_MODULES = YES;
				CURRENT_PROJECT_VERSION = 1;
				DEVELOPMENT_TEAM = 2NF9HETXX8;
				"EXCLUDED_ARCHS[sdk=iphonesimulator*]" = arm64;
				HEADER_SEARCH_PATHS = (
					"$(inherited)",
					"/Users/aryella.lacerda/Developer/react-native-accessibility-engine/example/ios/build/cached/include",
					"/Users/aryella.lacerda/Developer/react-native-accessibility-engine/example/ios/Pods/Headers/Public/YogaKit",
				);
				INFOPLIST_FILE = AccessibilityEngineExample/Info.plist;
				LD_RUNPATH_SEARCH_PATHS = "$(inherited) @executable_path/Frameworks";
				LIBRARY_SEARCH_PATHS = (
					"$(SDKROOT)/usr/lib/swift",
					"$(inherited)",
					"\"/Users/aryella.lacerda/Developer/react-native-accessibility-engine/example/ios/build/cached/Flipper-E63939AA6EFD3D6A8C09E45929F11DBD\"",
					"\"/Users/aryella.lacerda/Developer/react-native-accessibility-engine/example/ios/build/cached/Flipper-Folly-B6D39E083AE0FF45BA30D7CDF6198A03\"",
					"\"/Users/aryella.lacerda/Developer/react-native-accessibility-engine/example/ios/build/cached/Flipper-Boost-iOSX-CD7E4799597971CE1F9F7BB394E8DDD7\"",
					"\"/Users/aryella.lacerda/Developer/react-native-accessibility-engine/example/ios/build/cached/Flipper-DoubleConversion-D9245543B79C09FAC40FC8B9F291536A\"",
					"\"/Users/aryella.lacerda/Developer/react-native-accessibility-engine/example/ios/build/cached/Flipper-Fmt-0A38628B0123A2EC8A0183D4A2B2747E\"",
					"\"/Users/aryella.lacerda/Developer/react-native-accessibility-engine/example/ios/build/cached/Flipper-Glog-6A9637F1BC8154F777335A6420579C05\"",
					"\"/Users/aryella.lacerda/Developer/react-native-accessibility-engine/example/ios/build/cached/Flipper-RSocket-1FAAE067C1BFDEA17DFB657C3379AB56\"",
					"\"/Users/aryella.lacerda/Developer/react-native-accessibility-engine/example/ios/build/cached/FlipperKit-982644B5B647690B2E4F5B3F54EB5717\"",
					"\"/Users/aryella.lacerda/Developer/react-native-accessibility-engine/example/ios/build/cached/Flipper-PeerTalk-718DB7D0A7E90B531AD577B3356C4161\"",
				);
				OTHER_CFLAGS = (
					"$(inherited)",
					"-DFB_SONARKIT_ENABLED=1",
					"-iquote",
					"\"/Users/aryella.lacerda/Developer/react-native-accessibility-engine/example/ios/build/cached/include\"",
					"-I\"/Users/aryella.lacerda/Developer/react-native-accessibility-engine/example/ios/build/cached/include\"",
					"-iquote",
					"\"/Users/aryella.lacerda/Developer/react-native-accessibility-engine/example/ios/Pods/Headers/Public/YogaKit\"",
					"-I\"/Users/aryella.lacerda/Developer/react-native-accessibility-engine/example/ios/Pods/Headers/Public/YogaKit\"",
					"-iquote",
					"\"/Users/aryella.lacerda/Developer/react-native-accessibility-engine/example/ios/build/cached/include\"",
					"-iquote",
					"\"/Users/aryella.lacerda/Developer/react-native-accessibility-engine/example/ios/Pods/Headers/Public/YogaKit\"",
					"-iquote",
					"\"/Users/aryella.lacerda/Developer/react-native-accessibility-engine/example/ios/build/cached/include\"",
					"-iquote",
					"\"/Users/aryella.lacerda/Developer/react-native-accessibility-engine/example/ios/Pods/Headers/Public/YogaKit\"",
					"-iquote",
					"\"/Users/aryella.lacerda/Developer/react-native-accessibility-engine/example/ios/build/cached/include\"",
					"-iquote",
					"\"/Users/aryella.lacerda/Developer/react-native-accessibility-engine/example/ios/Pods/Headers/Public/YogaKit\"",
					"-iquote",
					"\"/Users/aryella.lacerda/Developer/react-native-accessibility-engine/example/ios/build/cached/include\"",
					"-iquote",
					"\"/Users/aryella.lacerda/Developer/react-native-accessibility-engine/example/ios/Pods/Headers/Public/YogaKit\"",
					"-iquote",
					"\"/Users/aryella.lacerda/Developer/react-native-accessibility-engine/example/ios/build/cached/include\"",
					"-iquote",
					"\"/Users/aryella.lacerda/Developer/react-native-accessibility-engine/example/ios/Pods/Headers/Public/YogaKit\"",
					"-iquote",
					"\"/Users/aryella.lacerda/Developer/react-native-accessibility-engine/example/ios/build/cached/include\"",
				);
				OTHER_LDFLAGS = (
					"$(inherited)",
					"-ObjC",
					"-lc++",
				);
				PRODUCT_BUNDLE_IDENTIFIER = "org.reactjs.native.AccessibilityEngineExample.$(PRODUCT_NAME:rfc1034identifier)";
				PRODUCT_NAME = AccessibilityEngineExample;
				SWIFT_INCLUDE_PATHS = "$(inherited) \"/Users/aryella.lacerda/Developer/react-native-accessibility-engine/example/ios/build/cached/CocoaAsyncSocket-6083682834ABE0AE7BD1CBF06CADD036\" \"/Users/aryella.lacerda/Developer/react-native-accessibility-engine/example/ios/build/cached/DoubleConversion-2AB2EF542954AB1C999E03BFEF8DE806\" \"/Users/aryella.lacerda/Developer/react-native-accessibility-engine/example/ios/build/cached/FBReactNativeSpec-C3496D0495E700CF08A90C41EA8FA4BB\" \"/Users/aryella.lacerda/Developer/react-native-accessibility-engine/example/ios/build/cached/RCT-Folly-EC55D52694092A9D0E6A78EB01207EB5\" \"/Users/aryella.lacerda/Developer/react-native-accessibility-engine/example/ios/build/cached/fmt-02B79DFED924FA19CA90EC69614733E1\" \"/Users/aryella.lacerda/Developer/react-native-accessibility-engine/example/ios/build/cached/glog-D0EFEFB685D97280256C559792236873\" \"/Users/aryella.lacerda/Developer/react-native-accessibility-engine/example/ios/build/cached/RCTTypeSafety-D20469A9A1E5CFB26045EAEBE3F88E5E\" \"/Users/aryella.lacerda/Developer/react-native-accessibility-engine/example/ios/build/cached/React-Core-7ACAA9BE580DD31A5CB9D97C45D9492D\" \"/Users/aryella.lacerda/Developer/react-native-accessibility-engine/example/ios/build/cached/React-cxxreact-463F41A7E8B252F8AC5024DA1F4AF6DA\" \"/Users/aryella.lacerda/Developer/react-native-accessibility-engine/example/ios/build/cached/React-jsi-FA877ADC442CB19CF61793D234C8B131\" \"/Users/aryella.lacerda/Developer/react-native-accessibility-engine/example/ios/build/cached/React-jsinspector-F7D033C4C128EECAA020990641FA985F\" \"/Users/aryella.lacerda/Developer/react-native-accessibility-engine/example/ios/build/cached/React-logger-083B602EA19B4AD50EC53C0602F29A7D\" \"/Users/aryella.lacerda/Developer/react-native-accessibility-engine/example/ios/build/cached/React-perflogger-F1E2583679398CB5F4D2B3272E9B198F\" \"/Users/aryella.lacerda/Developer/react-native-accessibility-engine/example/ios/build/cached/React-jsiexecutor-DA0709CAAD589C6E7963495210438021\" \"/Users/aryella.lacerda/Developer/react-native-accessibility-engine/example/ios/build/cached/Yoga-2B25F90D819B9ADF2AF2D8733A890333\" \"/Users/aryella.lacerda/Developer/react-native-accessibility-engine/example/ios/build/cached/ReactCommon-B6D5DD49633DFF0657B8C3F08EB3ABA9\" \"/Users/aryella.lacerda/Developer/react-native-accessibility-engine/example/ios/build/cached/Flipper-E63939AA6EFD3D6A8C09E45929F11DBD\" \"/Users/aryella.lacerda/Developer/react-native-accessibility-engine/example/ios/build/cached/Flipper-Folly-B6D39E083AE0FF45BA30D7CDF6198A03\" \"/Users/aryella.lacerda/Developer/react-native-accessibility-engine/example/ios/build/cached/Flipper-Boost-iOSX-CD7E4799597971CE1F9F7BB394E8DDD7\" \"/Users/aryella.lacerda/Developer/react-native-accessibility-engine/example/ios/build/cached/Flipper-DoubleConversion-D9245543B79C09FAC40FC8B9F291536A\" \"/Users/aryella.lacerda/Developer/react-native-accessibility-engine/example/ios/build/cached/Flipper-Fmt-0A38628B0123A2EC8A0183D4A2B2747E\" \"/Users/aryella.lacerda/Developer/react-native-accessibility-engine/example/ios/build/cached/Flipper-Glog-6A9637F1BC8154F777335A6420579C05\" \"/Users/aryella.lacerda/Developer/react-native-accessibility-engine/example/ios/build/cached/libevent-04A30E186743192DFB26B0FD7DB8F250\" \"/Users/aryella.lacerda/Developer/react-native-accessibility-engine/example/ios/build/cached/Flipper-RSocket-1FAAE067C1BFDEA17DFB657C3379AB56\" \"/Users/aryella.lacerda/Developer/react-native-accessibility-engine/example/ios/build/cached/FlipperKit-982644B5B647690B2E4F5B3F54EB5717\" \"/Users/aryella.lacerda/Developer/react-native-accessibility-engine/example/ios/build/cached/Flipper-PeerTalk-718DB7D0A7E90B531AD577B3356C4161\" \"/Users/aryella.lacerda/Developer/react-native-accessibility-engine/example/ios/build/cached/YogaKit-32CA4CBD6B28983076BD93DA221AD027\" \"/Users/aryella.lacerda/Developer/react-native-accessibility-engine/example/ios/build/cached/react-native-safe-area-context-BD9A27D8398DEB3205D3F8937B0672A0\" \"/Users/aryella.lacerda/Developer/react-native-accessibility-engine/example/ios/build/cached/React-CoreModules-E16E206437995280D349D4B67695C894\" \"/Users/aryella.lacerda/Developer/react-native-accessibility-engine/example/ios/build/cached/React-RCTImage-4F265533AAB7C8985856EC78A33164BB\" \"/Users/aryella.lacerda/Developer/react-native-accessibility-engine/example/ios/build/cached/React-RCTNetwork-651511D7DA7F07F9FC9AA40A2E86270D\" \"/Users/aryella.lacerda/Developer/react-native-accessibility-engine/example/ios/build/cached/React-RCTAnimation-938CCE22F6C4094B3FB6CF1478579E4B\" \"/Users/aryella.lacerda/Developer/react-native-accessibility-engine/example/ios/build/cached/React-RCTBlob-95D98F901D07557EF7CA38D3F03832C5\" \"/Users/aryella.lacerda/Developer/react-native-accessibility-engine/example/ios/build/cached/CocoaAsyncSocket-6083682834ABE0AE7BD1CBF06CADD036\" \"/Users/aryella.lacerda/Developer/react-native-accessibility-engine/example/ios/build/cached/DoubleConversion-2AB2EF542954AB1C999E03BFEF8DE806\" \"/Users/aryella.lacerda/Developer/react-native-accessibility-engine/example/ios/build/cached/FBReactNativeSpec-C3496D0495E700CF08A90C41EA8FA4BB\" \"/Users/aryella.lacerda/Developer/react-native-accessibility-engine/example/ios/build/cached/RCT-Folly-EC55D52694092A9D0E6A78EB01207EB5\" \"/Users/aryella.lacerda/Developer/react-native-accessibility-engine/example/ios/build/cached/fmt-02B79DFED924FA19CA90EC69614733E1\" \"/Users/aryella.lacerda/Developer/react-native-accessibility-engine/example/ios/build/cached/glog-D0EFEFB685D97280256C559792236873\" \"/Users/aryella.lacerda/Developer/react-native-accessibility-engine/example/ios/build/cached/RCTTypeSafety-D20469A9A1E5CFB26045EAEBE3F88E5E\" \"/Users/aryella.lacerda/Developer/react-native-accessibility-engine/example/ios/build/cached/React-Core-7ACAA9BE580DD31A5CB9D97C45D9492D\" \"/Users/aryella.lacerda/Developer/react-native-accessibility-engine/example/ios/build/cached/React-cxxreact-463F41A7E8B252F8AC5024DA1F4AF6DA\" \"/Users/aryella.lacerda/Developer/react-native-accessibility-engine/example/ios/build/cached/React-jsi-FA877ADC442CB19CF61793D234C8B131\" \"/Users/aryella.lacerda/Developer/react-native-accessibility-engine/example/ios/build/cached/React-jsinspector-F7D033C4C128EECAA020990641FA985F\" \"/Users/aryella.lacerda/Developer/react-native-accessibility-engine/example/ios/build/cached/React-logger-083B602EA19B4AD50EC53C0602F29A7D\" \"/Users/aryella.lacerda/Developer/react-native-accessibility-engine/example/ios/build/cached/React-perflogger-F1E2583679398CB5F4D2B3272E9B198F\" \"/Users/aryella.lacerda/Developer/react-native-accessibility-engine/example/ios/build/cached/React-jsiexecutor-DA0709CAAD589C6E7963495210438021\" \"/Users/aryella.lacerda/Developer/react-native-accessibility-engine/example/ios/build/cached/Yoga-2B25F90D819B9ADF2AF2D8733A890333\" \"/Users/aryella.lacerda/Developer/react-native-accessibility-engine/example/ios/build/cached/ReactCommon-B6D5DD49633DFF0657B8C3F08EB3ABA9\" \"/Users/aryella.lacerda/Developer/react-native-accessibility-engine/example/ios/build/cached/Flipper-E63939AA6EFD3D6A8C09E45929F11DBD\" \"/Users/aryella.lacerda/Developer/react-native-accessibility-engine/example/ios/build/cached/Flipper-Folly-B6D39E083AE0FF45BA30D7CDF6198A03\" \"/Users/aryella.lacerda/Developer/react-native-accessibility-engine/example/ios/build/cached/Flipper-Boost-iOSX-CD7E4799597971CE1F9F7BB394E8DDD7\" \"/Users/aryella.lacerda/Developer/react-native-accessibility-engine/example/ios/build/cached/Flipper-DoubleConversion-D9245543B79C09FAC40FC8B9F291536A\" \"/Users/aryella.lacerda/Developer/react-native-accessibility-engine/example/ios/build/cached/Flipper-Fmt-0A38628B0123A2EC8A0183D4A2B2747E\" \"/Users/aryella.lacerda/Developer/react-native-accessibility-engine/example/ios/build/cached/Flipper-Glog-6A9637F1BC8154F777335A6420579C05\" \"/Users/aryella.lacerda/Developer/react-native-accessibility-engine/example/ios/build/cached/libevent-04A30E186743192DFB26B0FD7DB8F250\" \"/Users/aryella.lacerda/Developer/react-native-accessibility-engine/example/ios/build/cached/Flipper-RSocket-1FAAE067C1BFDEA17DFB657C3379AB56\" \"/Users/aryella.lacerda/Developer/react-native-accessibility-engine/example/ios/build/cached/FlipperKit-982644B5B647690B2E4F5B3F54EB5717\" \"/Users/aryella.lacerda/Developer/react-native-accessibility-engine/example/ios/build/cached/Flipper-PeerTalk-718DB7D0A7E90B531AD577B3356C4161\" \"/Users/aryella.lacerda/Developer/react-native-accessibility-engine/example/ios/build/cached/YogaKit-32CA4CBD6B28983076BD93DA221AD027\" \"/Users/aryella.lacerda/Developer/react-native-accessibility-engine/example/ios/build/cached/react-native-safe-area-context-BD9A27D8398DEB3205D3F8937B0672A0\" \"/Users/aryella.lacerda/Developer/react-native-accessibility-engine/example/ios/build/cached/React-CoreModules-E16E206437995280D349D4B67695C894\" \"/Users/aryella.lacerda/Developer/react-native-accessibility-engine/example/ios/build/cached/React-RCTImage-4F265533AAB7C8985856EC78A33164BB\" \"/Users/aryella.lacerda/Developer/react-native-accessibility-engine/example/ios/build/cached/React-RCTNetwork-651511D7DA7F07F9FC9AA40A2E86270D\" \"/Users/aryella.lacerda/Developer/react-native-accessibility-engine/example/ios/build/cached/React-RCTAnimation-938CCE22F6C4094B3FB6CF1478579E4B\" \"/Users/aryella.lacerda/Developer/react-native-accessibility-engine/example/ios/build/cached/React-RCTBlob-95D98F901D07557EF7CA38D3F03832C5\" \"/Users/aryella.lacerda/Developer/react-native-accessibility-engine/example/ios/build/cached/React-RCTLinking-6FE9147F8AAA4DE676C190F680F47AE2\" \"/Users/aryella.lacerda/Developer/react-native-accessibility-engine/example/ios/build/cached/CocoaAsyncSocket-6083682834ABE0AE7BD1CBF06CADD036\" \"/Users/aryella.lacerda/Developer/react-native-accessibility-engine/example/ios/build/cached/DoubleConversion-2AB2EF542954AB1C999E03BFEF8DE806\" \"/Users/aryella.lacerda/Developer/react-native-accessibility-engine/example/ios/build/cached/FBReactNativeSpec-C3496D0495E700CF08A90C41EA8FA4BB\" \"/Users/aryella.lacerda/Developer/react-native-accessibility-engine/example/ios/build/cached/RCT-Folly-EC55D52694092A9D0E6A78EB01207EB5\" \"/Users/aryella.lacerda/Developer/react-native-accessibility-engine/example/ios/build/cached/fmt-02B79DFED924FA19CA90EC69614733E1\" \"/Users/aryella.lacerda/Developer/react-native-accessibility-engine/example/ios/build/cached/glog-D0EFEFB685D97280256C559792236873\" \"/Users/aryella.lacerda/Developer/react-native-accessibility-engine/example/ios/build/cached/RCTTypeSafety-D20469A9A1E5CFB26045EAEBE3F88E5E\" \"/Users/aryella.lacerda/Developer/react-native-accessibility-engine/example/ios/build/cached/React-Core-7ACAA9BE580DD31A5CB9D97C45D9492D\" \"/Users/aryella.lacerda/Developer/react-native-accessibility-engine/example/ios/build/cached/React-cxxreact-463F41A7E8B252F8AC5024DA1F4AF6DA\" \"/Users/aryella.lacerda/Developer/react-native-accessibility-engine/example/ios/build/cached/React-jsi-FA877ADC442CB19CF61793D234C8B131\" \"/Users/aryella.lacerda/Developer/react-native-accessibility-engine/example/ios/build/cached/React-jsinspector-F7D033C4C128EECAA020990641FA985F\" \"/Users/aryella.lacerda/Developer/react-native-accessibility-engine/example/ios/build/cached/React-logger-083B602EA19B4AD50EC53C0602F29A7D\" \"/Users/aryella.lacerda/Developer/react-native-accessibility-engine/example/ios/build/cached/React-perflogger-F1E2583679398CB5F4D2B3272E9B198F\" \"/Users/aryella.lacerda/Developer/react-native-accessibility-engine/example/ios/build/cached/React-jsiexecutor-DA0709CAAD589C6E7963495210438021\" \"/Users/aryella.lacerda/Developer/react-native-accessibility-engine/example/ios/build/cached/Yoga-2B25F90D819B9ADF2AF2D8733A890333\" \"/Users/aryella.lacerda/Developer/react-native-accessibility-engine/example/ios/build/cached/ReactCommon-B6D5DD49633DFF0657B8C3F08EB3ABA9\" \"/Users/aryella.lacerda/Developer/react-native-accessibility-engine/example/ios/build/cached/Flipper-E63939AA6EFD3D6A8C09E45929F11DBD\" \"/Users/aryella.lacerda/Developer/react-native-accessibility-engine/example/ios/build/cached/Flipper-Folly-B6D39E083AE0FF45BA30D7CDF6198A03\" \"/Users/aryella.lacerda/Developer/react-native-accessibility-engine/example/ios/build/cached/Flipper-Boost-iOSX-CD7E4799597971CE1F9F7BB394E8DDD7\" \"/Users/aryella.lacerda/Developer/react-native-accessibility-engine/example/ios/build/cached/Flipper-DoubleConversion-D9245543B79C09FAC40FC8B9F291536A\" \"/Users/aryella.lacerda/Developer/react-native-accessibility-engine/example/ios/build/cached/Flipper-Fmt-0A38628B0123A2EC8A0183D4A2B2747E\" \"/Users/aryella.lacerda/Developer/react-native-accessibility-engine/example/ios/build/cached/Flipper-Glog-6A9637F1BC8154F777335A6420579C05\" \"/Users/aryella.lacerda/Developer/react-native-accessibility-engine/example/ios/build/cached/libevent-04A30E186743192DFB26B0FD7DB8F250\" \"/Users/aryella.lacerda/Developer/react-native-accessibility-engine/example/ios/build/cached/Flipper-RSocket-1FAAE067C1BFDEA17DFB657C3379AB56\" \"/Users/aryella.lacerda/Developer/react-native-accessibility-engine/example/ios/build/cached/FlipperKit-982644B5B647690B2E4F5B3F54EB5717\" \"/Users/aryella.lacerda/Developer/react-native-accessibility-engine/example/ios/build/cached/Flipper-PeerTalk-718DB7D0A7E90B531AD577B3356C4161\" \"/Users/aryella.lacerda/Developer/react-native-accessibility-engine/example/ios/build/cached/YogaKit-32CA4CBD6B28983076BD93DA221AD027\" \"/Users/aryella.lacerda/Developer/react-native-accessibility-engine/example/ios/build/cached/react-native-safe-area-context-BD9A27D8398DEB3205D3F8937B0672A0\" \"/Users/aryella.lacerda/Developer/react-native-accessibility-engine/example/ios/build/cached/React-CoreModules-E16E206437995280D349D4B67695C894\" \"/Users/aryella.lacerda/Developer/react-native-accessibility-engine/example/ios/build/cached/React-RCTImage-4F265533AAB7C8985856EC78A33164BB\" \"/Users/aryella.lacerda/Developer/react-native-accessibility-engine/example/ios/build/cached/React-RCTNetwork-651511D7DA7F07F9FC9AA40A2E86270D\" \"/Users/aryella.lacerda/Developer/react-native-accessibility-engine/example/ios/build/cached/RNCMaskedView-1A0445474DA11CA659C4BCC5AB64B1BF\" \"/Users/aryella.lacerda/Developer/react-native-accessibility-engine/example/ios/build/cached/RNGestureHandler-B9E8F4CA2A4A8599389FEB665A9B96FF\" \"/Users/aryella.lacerda/Developer/react-native-accessibility-engine/example/ios/build/cached/RNReanimated-FF879E718031128A75E7DE54046E6219\" \"/Users/aryella.lacerda/Developer/react-native-accessibility-engine/example/ios/build/cached/React-RCTAnimation-938CCE22F6C4094B3FB6CF1478579E4B\" \"/Users/aryella.lacerda/Developer/react-native-accessibility-engine/example/ios/build/cached/React-RCTBlob-95D98F901D07557EF7CA38D3F03832C5\" \"/Users/aryella.lacerda/Developer/react-native-accessibility-engine/example/ios/build/cached/React-RCTLinking-6FE9147F8AAA4DE676C190F680F47AE2\" \"/Users/aryella.lacerda/Developer/react-native-accessibility-engine/example/ios/build/cached/React-RCTSettings-680299219D3A48D42A648AF6706275A9\" \"/Users/aryella.lacerda/Developer/react-native-accessibility-engine/example/ios/build/cached/React-RCTText-DBD2D83E10F8B7D3F4E0E34E6A9FCFA6\" \"/Users/aryella.lacerda/Developer/react-native-accessibility-engine/example/ios/build/cached/RNScreens-214E42634D1E187D876346D36184B655\" \"/Users/aryella.lacerda/Developer/react-native-accessibility-engine/example/ios/build/cached/CocoaAsyncSocket-6083682834ABE0AE7BD1CBF06CADD036\" \"/Users/aryella.lacerda/Developer/react-native-accessibility-engine/example/ios/build/cached/DoubleConversion-2AB2EF542954AB1C999E03BFEF8DE806\" \"/Users/aryella.lacerda/Developer/react-native-accessibility-engine/example/ios/build/cached/FBReactNativeSpec-C3496D0495E700CF08A90C41EA8FA4BB\" \"/Users/aryella.lacerda/Developer/react-native-accessibility-engine/example/ios/build/cached/RCT-Folly-EC55D52694092A9D0E6A78EB01207EB5\" \"/Users/aryella.lacerda/Developer/react-native-accessibility-engine/example/ios/build/cached/fmt-02B79DFED924FA19CA90EC69614733E1\" \"/Users/aryella.lacerda/Developer/react-native-accessibility-engine/example/ios/build/cached/glog-D0EFEFB685D97280256C559792236873\" \"/Users/aryella.lacerda/Developer/react-native-accessibility-engine/example/ios/build/cached/RCTTypeSafety-D20469A9A1E5CFB26045EAEBE3F88E5E\" \"/Users/aryella.lacerda/Developer/react-native-accessibility-engine/example/ios/build/cached/React-Core-7ACAA9BE580DD31A5CB9D97C45D9492D\" \"/Users/aryella.lacerda/Developer/react-native-accessibility-engine/example/ios/build/cached/React-cxxreact-463F41A7E8B252F8AC5024DA1F4AF6DA\" \"/Users/aryella.lacerda/Developer/react-native-accessibility-engine/example/ios/build/cached/React-jsi-FA877ADC442CB19CF61793D234C8B131\" \"/Users/aryella.lacerda/Developer/react-native-accessibility-engine/example/ios/build/cached/React-jsinspector-F7D033C4C128EECAA020990641FA985F\" \"/Users/aryella.lacerda/Developer/react-native-accessibility-engine/example/ios/build/cached/React-logger-083B602EA19B4AD50EC53C0602F29A7D\" \"/Users/aryella.lacerda/Developer/react-native-accessibility-engine/example/ios/build/cached/React-perflogger-F1E2583679398CB5F4D2B3272E9B198F\" \"/Users/aryella.lacerda/Developer/react-native-accessibility-engine/example/ios/build/cached/React-jsiexecutor-DA0709CAAD589C6E7963495210438021\" \"/Users/aryella.lacerda/Developer/react-native-accessibility-engine/example/ios/build/cached/Yoga-2B25F90D819B9ADF2AF2D8733A890333\" \"/Users/aryella.lacerda/Developer/react-native-accessibility-engine/example/ios/build/cached/ReactCommon-B6D5DD49633DFF0657B8C3F08EB3ABA9\" \"/Users/aryella.lacerda/Developer/react-native-accessibility-engine/example/ios/build/cached/Flipper-E63939AA6EFD3D6A8C09E45929F11DBD\" \"/Users/aryella.lacerda/Developer/react-native-accessibility-engine/example/ios/build/cached/Flipper-Folly-B6D39E083AE0FF45BA30D7CDF6198A03\" \"/Users/aryella.lacerda/Developer/react-native-accessibility-engine/example/ios/build/cached/Flipper-Boost-iOSX-CD7E4799597971CE1F9F7BB394E8DDD7\" \"/Users/aryella.lacerda/Developer/react-native-accessibility-engine/example/ios/build/cached/Flipper-DoubleConversion-D9245543B79C09FAC40FC8B9F291536A\" \"/Users/aryella.lacerda/Developer/react-native-accessibility-engine/example/ios/build/cached/Flipper-Fmt-0A38628B0123A2EC8A0183D4A2B2747E\" \"/Users/aryella.lacerda/Developer/react-native-accessibility-engine/example/ios/build/cached/Flipper-Glog-6A9637F1BC8154F777335A6420579C05\" \"/Users/aryella.lacerda/Developer/react-native-accessibility-engine/example/ios/build/cached/libevent-04A30E186743192DFB26B0FD7DB8F250\" \"/Users/aryella.lacerda/Developer/react-native-accessibility-engine/example/ios/build/cached/Flipper-RSocket-1FAAE067C1BFDEA17DFB657C3379AB56\" \"/Users/aryella.lacerda/Developer/react-native-accessibility-engine/example/ios/build/cached/FlipperKit-982644B5B647690B2E4F5B3F54EB5717\" \"/Users/aryella.lacerda/Developer/react-native-accessibility-engine/example/ios/build/cached/Flipper-PeerTalk-718DB7D0A7E90B531AD577B3356C4161\" \"/Users/aryella.lacerda/Developer/react-native-accessibility-engine/example/ios/build/cached/YogaKit-32CA4CBD6B28983076BD93DA221AD027\" \"/Users/aryella.lacerda/Developer/react-native-accessibility-engine/example/ios/build/cached/react-native-safe-area-context-BD9A27D8398DEB3205D3F8937B0672A0\" \"/Users/aryella.lacerda/Developer/react-native-accessibility-engine/example/ios/build/cached/React-CoreModules-E16E206437995280D349D4B67695C894\" \"/Users/aryella.lacerda/Developer/react-native-accessibility-engine/example/ios/build/cached/React-RCTImage-4F265533AAB7C8985856EC78A33164BB\" \"/Users/aryella.lacerda/Developer/react-native-accessibility-engine/example/ios/build/cached/React-RCTNetwork-651511D7DA7F07F9FC9AA40A2E86270D\" \"/Users/aryella.lacerda/Developer/react-native-accessibility-engine/example/ios/build/cached/RNCMaskedView-1A0445474DA11CA659C4BCC5AB64B1BF\" \"/Users/aryella.lacerda/Developer/react-native-accessibility-engine/example/ios/build/cached/RNGestureHandler-B9E8F4CA2A4A8599389FEB665A9B96FF\" \"/Users/aryella.lacerda/Developer/react-native-accessibility-engine/example/ios/build/cached/RNReanimated-FF879E718031128A75E7DE54046E6219\" \"/Users/aryella.lacerda/Developer/react-native-accessibility-engine/example/ios/build/cached/React-RCTAnimation-938CCE22F6C4094B3FB6CF1478579E4B\" \"/Users/aryella.lacerda/Developer/react-native-accessibility-engine/example/ios/build/cached/React-RCTBlob-95D98F901D07557EF7CA38D3F03832C5\" \"/Users/aryella.lacerda/Developer/react-native-accessibility-engine/example/ios/build/cached/React-RCTLinking-6FE9147F8AAA4DE676C190F680F47AE2\" \"/Users/aryella.lacerda/Developer/react-native-accessibility-engine/example/ios/build/cached/React-RCTSettings-680299219D3A48D42A648AF6706275A9\" \"/Users/aryella.lacerda/Developer/react-native-accessibility-engine/example/ios/build/cached/React-RCTText-DBD2D83E10F8B7D3F4E0E34E6A9FCFA6\" \"/Users/aryella.lacerda/Developer/react-native-accessibility-engine/example/ios/build/cached/RNScreens-214E42634D1E187D876346D36184B655\" \"/Users/aryella.lacerda/Developer/react-native-accessibility-engine/example/ios/build/cached/CocoaAsyncSocket-6083682834ABE0AE7BD1CBF06CADD036\" \"/Users/aryella.lacerda/Developer/react-native-accessibility-engine/example/ios/build/cached/DoubleConversion-2AB2EF542954AB1C999E03BFEF8DE806\" \"/Users/aryella.lacerda/Developer/react-native-accessibility-engine/example/ios/build/cached/FBReactNativeSpec-C3496D0495E700CF08A90C41EA8FA4BB\" \"/Users/aryella.lacerda/Developer/react-native-accessibility-engine/example/ios/build/cached/RCT-Folly-EC55D52694092A9D0E6A78EB01207EB5\" \"/Users/aryella.lacerda/Developer/react-native-accessibility-engine/example/ios/build/cached/fmt-02B79DFED924FA19CA90EC69614733E1\" \"/Users/aryella.lacerda/Developer/react-native-accessibility-engine/example/ios/build/cached/glog-D0EFEFB685D97280256C559792236873\" \"/Users/aryella.lacerda/Developer/react-native-accessibility-engine/example/ios/build/cached/RCTTypeSafety-D20469A9A1E5CFB26045EAEBE3F88E5E\" \"/Users/aryella.lacerda/Developer/react-native-accessibility-engine/example/ios/build/cached/React-Core-7ACAA9BE580DD31A5CB9D97C45D9492D\" \"/Users/aryella.lacerda/Developer/react-native-accessibility-engine/example/ios/build/cached/React-cxxreact-463F41A7E8B252F8AC5024DA1F4AF6DA\" \"/Users/aryella.lacerda/Developer/react-native-accessibility-engine/example/ios/build/cached/React-jsi-FA877ADC442CB19CF61793D234C8B131\" \"/Users/aryella.lacerda/Developer/react-native-accessibility-engine/example/ios/build/cached/React-jsinspector-F7D033C4C128EECAA020990641FA985F\" \"/Users/aryella.lacerda/Developer/react-native-accessibility-engine/example/ios/build/cached/React-logger-083B602EA19B4AD50EC53C0602F29A7D\" \"/Users/aryella.lacerda/Developer/react-native-accessibility-engine/example/ios/build/cached/React-perflogger-F1E2583679398CB5F4D2B3272E9B198F\" \"/Users/aryella.lacerda/Developer/react-native-accessibility-engine/example/ios/build/cached/React-jsiexecutor-DA0709CAAD589C6E7963495210438021\" \"/Users/aryella.lacerda/Developer/react-native-accessibility-engine/example/ios/build/cached/Yoga-2B25F90D819B9ADF2AF2D8733A890333\" \"/Users/aryella.lacerda/Developer/react-native-accessibility-engine/example/ios/build/cached/ReactCommon-B6D5DD49633DFF0657B8C3F08EB3ABA9\" \"/Users/aryella.lacerda/Developer/react-native-accessibility-engine/example/ios/build/cached/Flipper-E63939AA6EFD3D6A8C09E45929F11DBD\" \"/Users/aryella.lacerda/Developer/react-native-accessibility-engine/example/ios/build/cached/Flipper-Folly-B6D39E083AE0FF45BA30D7CDF6198A03\" \"/Users/aryella.lacerda/Developer/react-native-accessibility-engine/example/ios/build/cached/Flipper-Boost-iOSX-CD7E4799597971CE1F9F7BB394E8DDD7\" \"/Users/aryella.lacerda/Developer/react-native-accessibility-engine/example/ios/build/cached/Flipper-DoubleConversion-D9245543B79C09FAC40FC8B9F291536A\" \"/Users/aryella.lacerda/Developer/react-native-accessibility-engine/example/ios/build/cached/Flipper-Fmt-0A38628B0123A2EC8A0183D4A2B2747E\" \"/Users/aryella.lacerda/Developer/react-native-accessibility-engine/example/ios/build/cached/Flipper-Glog-6A9637F1BC8154F777335A6420579C05\" \"/Users/aryella.lacerda/Developer/react-native-accessibility-engine/example/ios/build/cached/libevent-04A30E186743192DFB26B0FD7DB8F250\" \"/Users/aryella.lacerda/Developer/react-native-accessibility-engine/example/ios/build/cached/Flipper-RSocket-1FAAE067C1BFDEA17DFB657C3379AB56\" \"/Users/aryella.lacerda/Developer/react-native-accessibility-engine/example/ios/build/cached/FlipperKit-982644B5B647690B2E4F5B3F54EB5717\" \"/Users/aryella.lacerda/Developer/react-native-accessibility-engine/example/ios/build/cached/Flipper-PeerTalk-718DB7D0A7E90B531AD577B3356C4161\" \"/Users/aryella.lacerda/Developer/react-native-accessibility-engine/example/ios/build/cached/YogaKit-32CA4CBD6B28983076BD93DA221AD027\" \"/Users/aryella.lacerda/Developer/react-native-accessibility-engine/example/ios/build/cached/react-native-safe-area-context-BD9A27D8398DEB3205D3F8937B0672A0\" \"/Users/aryella.lacerda/Developer/react-native-accessibility-engine/example/ios/build/cached/React-CoreModules-E16E206437995280D349D4B67695C894\" \"/Users/aryella.lacerda/Developer/react-native-accessibility-engine/example/ios/build/cached/React-RCTImage-4F265533AAB7C8985856EC78A33164BB\" \"/Users/aryella.lacerda/Developer/react-native-accessibility-engine/example/ios/build/cached/React-RCTNetwork-651511D7DA7F07F9FC9AA40A2E86270D\" \"/Users/aryella.lacerda/Developer/react-native-accessibility-engine/example/ios/build/cached/RNCMaskedView-1A0445474DA11CA659C4BCC5AB64B1BF\" \"/Users/aryella.lacerda/Developer/react-native-accessibility-engine/example/ios/build/cached/RNGestureHandler-B9E8F4CA2A4A8599389FEB665A9B96FF\" \"/Users/aryella.lacerda/Developer/react-native-accessibility-engine/example/ios/build/cached/RNReanimated-FF879E718031128A75E7DE54046E6219\" \"/Users/aryella.lacerda/Developer/react-native-accessibility-engine/example/ios/build/cached/React-RCTAnimation-938CCE22F6C4094B3FB6CF1478579E4B\" \"/Users/aryella.lacerda/Developer/react-native-accessibility-engine/example/ios/build/cached/React-RCTBlob-95D98F901D07557EF7CA38D3F03832C5\" \"/Users/aryella.lacerda/Developer/react-native-accessibility-engine/example/ios/build/cached/React-RCTLinking-6FE9147F8AAA4DE676C190F680F47AE2\" \"/Users/aryella.lacerda/Developer/react-native-accessibility-engine/example/ios/build/cached/React-RCTSettings-680299219D3A48D42A648AF6706275A9\" \"/Users/aryella.lacerda/Developer/react-native-accessibility-engine/example/ios/build/cached/React-RCTText-DBD2D83E10F8B7D3F4E0E34E6A9FCFA6\" \"/Users/aryella.lacerda/Developer/react-native-accessibility-engine/example/ios/build/cached/RNScreens-214E42634D1E187D876346D36184B655\" \"/Users/aryella.lacerda/Developer/react-native-accessibility-engine/example/ios/build/cached/CocoaAsyncSocket-6083682834ABE0AE7BD1CBF06CADD036\" \"/Users/aryella.lacerda/Developer/react-native-accessibility-engine/example/ios/build/cached/DoubleConversion-2AB2EF542954AB1C999E03BFEF8DE806\" \"/Users/aryella.lacerda/Developer/react-native-accessibility-engine/example/ios/build/cached/FBReactNativeSpec-C3496D0495E700CF08A90C41EA8FA4BB\" \"/Users/aryella.lacerda/Developer/react-native-accessibility-engine/example/ios/build/cached/RCT-Folly-EC55D52694092A9D0E6A78EB01207EB5\" \"/Users/aryella.lacerda/Developer/react-native-accessibility-engine/example/ios/build/cached/fmt-02B79DFED924FA19CA90EC69614733E1\" \"/Users/aryella.lacerda/Developer/react-native-accessibility-engine/example/ios/build/cached/glog-D0EFEFB685D97280256C559792236873\" \"/Users/aryella.lacerda/Developer/react-native-accessibility-engine/example/ios/build/cached/RCTTypeSafety-D20469A9A1E5CFB26045EAEBE3F88E5E\" \"/Users/aryella.lacerda/Developer/react-native-accessibility-engine/example/ios/build/cached/React-Core-7ACAA9BE580DD31A5CB9D97C45D9492D\" \"/Users/aryella.lacerda/Developer/react-native-accessibility-engine/example/ios/build/cached/React-cxxreact-463F41A7E8B252F8AC5024DA1F4AF6DA\" \"/Users/aryella.lacerda/Developer/react-native-accessibility-engine/example/ios/build/cached/React-jsi-FA877ADC442CB19CF61793D234C8B131\" \"/Users/aryella.lacerda/Developer/react-native-accessibility-engine/example/ios/build/cached/React-jsinspector-F7D033C4C128EECAA020990641FA985F\" \"/Users/aryella.lacerda/Developer/react-native-accessibility-engine/example/ios/build/cached/React-logger-083B602EA19B4AD50EC53C0602F29A7D\" \"/Users/aryella.lacerda/Developer/react-native-accessibility-engine/example/ios/build/cached/React-perflogger-F1E2583679398CB5F4D2B3272E9B198F\" \"/Users/aryella.lacerda/Developer/react-native-accessibility-engine/example/ios/build/cached/React-jsiexecutor-DA0709CAAD589C6E7963495210438021\" \"/Users/aryella.lacerda/Developer/react-native-accessibility-engine/example/ios/build/cached/Yoga-2B25F90D819B9ADF2AF2D8733A890333\" \"/Users/aryella.lacerda/Developer/react-native-accessibility-engine/example/ios/build/cached/ReactCommon-B6D5DD49633DFF0657B8C3F08EB3ABA9\" \"/Users/aryella.lacerda/Developer/react-native-accessibility-engine/example/ios/build/cached/Flipper-E63939AA6EFD3D6A8C09E45929F11DBD\" \"/Users/aryella.lacerda/Developer/react-native-accessibility-engine/example/ios/build/cached/Flipper-Folly-B6D39E083AE0FF45BA30D7CDF6198A03\" \"/Users/aryella.lacerda/Developer/react-native-accessibility-engine/example/ios/build/cached/Flipper-Boost-iOSX-CD7E4799597971CE1F9F7BB394E8DDD7\" \"/Users/aryella.lacerda/Developer/react-native-accessibility-engine/example/ios/build/cached/Flipper-DoubleConversion-D9245543B79C09FAC40FC8B9F291536A\" \"/Users/aryella.lacerda/Developer/react-native-accessibility-engine/example/ios/build/cached/Flipper-Fmt-0A38628B0123A2EC8A0183D4A2B2747E\" \"/Users/aryella.lacerda/Developer/react-native-accessibility-engine/example/ios/build/cached/Flipper-Glog-6A9637F1BC8154F777335A6420579C05\" \"/Users/aryella.lacerda/Developer/react-native-accessibility-engine/example/ios/build/cached/libevent-04A30E186743192DFB26B0FD7DB8F250\" \"/Users/aryella.lacerda/Developer/react-native-accessibility-engine/example/ios/build/cached/Flipper-RSocket-1FAAE067C1BFDEA17DFB657C3379AB56\" \"/Users/aryella.lacerda/Developer/react-native-accessibility-engine/example/ios/build/cached/FlipperKit-982644B5B647690B2E4F5B3F54EB5717\" \"/Users/aryella.lacerda/Developer/react-native-accessibility-engine/example/ios/build/cached/Flipper-PeerTalk-718DB7D0A7E90B531AD577B3356C4161\" \"/Users/aryella.lacerda/Developer/react-native-accessibility-engine/example/ios/build/cached/YogaKit-32CA4CBD6B28983076BD93DA221AD027\" \"/Users/aryella.lacerda/Developer/react-native-accessibility-engine/example/ios/build/cached/react-native-safe-area-context-BD9A27D8398DEB3205D3F8937B0672A0\" \"/Users/aryella.lacerda/Developer/react-native-accessibility-engine/example/ios/build/cached/React-CoreModules-E16E206437995280D349D4B67695C894\" \"/Users/aryella.lacerda/Developer/react-native-accessibility-engine/example/ios/build/cached/React-RCTImage-4F265533AAB7C8985856EC78A33164BB\" \"/Users/aryella.lacerda/Developer/react-native-accessibility-engine/example/ios/build/cached/React-RCTNetwork-651511D7DA7F07F9FC9AA40A2E86270D\" \"/Users/aryella.lacerda/Developer/react-native-accessibility-engine/example/ios/build/cached/React-RCTVibration-53D121F9F9BB0F8AC1C94A12C5A8572F\" \"/Users/aryella.lacerda/Developer/react-native-accessibility-engine/example/ios/build/cached/RNCMaskedView-1A0445474DA11CA659C4BCC5AB64B1BF\" \"/Users/aryella.lacerda/Developer/react-native-accessibility-engine/example/ios/build/cached/RNGestureHandler-B9E8F4CA2A4A8599389FEB665A9B96FF\" \"/Users/aryella.lacerda/Developer/react-native-accessibility-engine/example/ios/build/cached/RNReanimated-FF879E718031128A75E7DE54046E6219\" \"/Users/aryella.lacerda/Developer/react-native-accessibility-engine/example/ios/build/cached/React-RCTAnimation-938CCE22F6C4094B3FB6CF1478579E4B\" \"/Users/aryella.lacerda/Developer/react-native-accessibility-engine/example/ios/build/cached/React-RCTBlob-95D98F901D07557EF7CA38D3F03832C5\" \"/Users/aryella.lacerda/Developer/react-native-accessibility-engine/example/ios/build/cached/React-RCTLinking-6FE9147F8AAA4DE676C190F680F47AE2\" \"/Users/aryella.lacerda/Developer/react-native-accessibility-engine/example/ios/build/cached/React-RCTSettings-680299219D3A48D42A648AF6706275A9\" \"/Users/aryella.lacerda/Developer/react-native-accessibility-engine/example/ios/build/cached/React-RCTText-DBD2D83E10F8B7D3F4E0E34E6A9FCFA6\" \"/Users/aryella.lacerda/Developer/react-native-accessibility-engine/example/ios/build/cached/RNScreens-214E42634D1E187D876346D36184B655\"";
				SWIFT_OBJC_BRIDGING_HEADER = "AccessibilityEngineExample-Bridging-Header.h";
				SWIFT_VERSION = 5.0;
				TARGET_NAME = AccessibilityEngineExample;
				VERSIONING_SYSTEM = "apple-generic";
			};
			name = Release;
		};
		83CBBA201A601CBA00E9B192 /* Debug */ = {
			isa = XCBuildConfiguration;
			buildSettings = {
				ALWAYS_SEARCH_USER_PATHS = NO;
				CLANG_CXX_LANGUAGE_STANDARD = "gnu++0x";
				CLANG_CXX_LIBRARY = "libc++";
				CLANG_ENABLE_MODULES = YES;
				CLANG_ENABLE_OBJC_ARC = YES;
				CLANG_WARN_BLOCK_CAPTURE_AUTORELEASING = YES;
				CLANG_WARN_BOOL_CONVERSION = YES;
				CLANG_WARN_COMMA = YES;
				CLANG_WARN_CONSTANT_CONVERSION = YES;
				CLANG_WARN_DEPRECATED_OBJC_IMPLEMENTATIONS = YES;
				CLANG_WARN_DIRECT_OBJC_ISA_USAGE = YES_ERROR;
				CLANG_WARN_EMPTY_BODY = YES;
				CLANG_WARN_ENUM_CONVERSION = YES;
				CLANG_WARN_INFINITE_RECURSION = YES;
				CLANG_WARN_INT_CONVERSION = YES;
				CLANG_WARN_NON_LITERAL_NULL_CONVERSION = YES;
				CLANG_WARN_OBJC_IMPLICIT_RETAIN_SELF = YES;
				CLANG_WARN_OBJC_LITERAL_CONVERSION = YES;
				CLANG_WARN_OBJC_ROOT_CLASS = YES_ERROR;
				CLANG_WARN_RANGE_LOOP_ANALYSIS = YES;
				CLANG_WARN_STRICT_PROTOTYPES = YES;
				CLANG_WARN_SUSPICIOUS_MOVE = YES;
				CLANG_WARN_UNREACHABLE_CODE = YES;
				CLANG_WARN__DUPLICATE_METHOD_MATCH = YES;
				"CODE_SIGN_IDENTITY[sdk=iphoneos*]" = "iPhone Developer";
				COPY_PHASE_STRIP = NO;
				ENABLE_STRICT_OBJC_MSGSEND = YES;
				ENABLE_TESTABILITY = YES;
				"EXCLUDED_ARCHS[sdk=iphonesimulator*]" = "";
				GCC_C_LANGUAGE_STANDARD = gnu99;
				GCC_DYNAMIC_NO_PIC = NO;
				GCC_NO_COMMON_BLOCKS = YES;
				GCC_OPTIMIZATION_LEVEL = 0;
				GCC_PREPROCESSOR_DEFINITIONS = (
					"DEBUG=1",
					"$(inherited)",
				);
				GCC_SYMBOLS_PRIVATE_EXTERN = NO;
				GCC_WARN_64_TO_32_BIT_CONVERSION = YES;
				GCC_WARN_ABOUT_RETURN_TYPE = YES_ERROR;
				GCC_WARN_UNDECLARED_SELECTOR = YES;
				GCC_WARN_UNINITIALIZED_AUTOS = YES_AGGRESSIVE;
				GCC_WARN_UNUSED_FUNCTION = YES;
				GCC_WARN_UNUSED_VARIABLE = YES;
				IPHONEOS_DEPLOYMENT_TARGET = 11.0;
				MTL_ENABLE_DEBUG_INFO = YES;
				ONLY_ACTIVE_ARCH = YES;
				SDKROOT = iphoneos;
			};
			name = Debug;
		};
		83CBBA211A601CBA00E9B192 /* Release */ = {
			isa = XCBuildConfiguration;
			buildSettings = {
				ALWAYS_SEARCH_USER_PATHS = NO;
				CLANG_CXX_LANGUAGE_STANDARD = "gnu++0x";
				CLANG_CXX_LIBRARY = "libc++";
				CLANG_ENABLE_MODULES = YES;
				CLANG_ENABLE_OBJC_ARC = YES;
				CLANG_WARN_BLOCK_CAPTURE_AUTORELEASING = YES;
				CLANG_WARN_BOOL_CONVERSION = YES;
				CLANG_WARN_COMMA = YES;
				CLANG_WARN_CONSTANT_CONVERSION = YES;
				CLANG_WARN_DEPRECATED_OBJC_IMPLEMENTATIONS = YES;
				CLANG_WARN_DIRECT_OBJC_ISA_USAGE = YES_ERROR;
				CLANG_WARN_EMPTY_BODY = YES;
				CLANG_WARN_ENUM_CONVERSION = YES;
				CLANG_WARN_INFINITE_RECURSION = YES;
				CLANG_WARN_INT_CONVERSION = YES;
				CLANG_WARN_NON_LITERAL_NULL_CONVERSION = YES;
				CLANG_WARN_OBJC_IMPLICIT_RETAIN_SELF = YES;
				CLANG_WARN_OBJC_LITERAL_CONVERSION = YES;
				CLANG_WARN_OBJC_ROOT_CLASS = YES_ERROR;
				CLANG_WARN_RANGE_LOOP_ANALYSIS = YES;
				CLANG_WARN_STRICT_PROTOTYPES = YES;
				CLANG_WARN_SUSPICIOUS_MOVE = YES;
				CLANG_WARN_UNREACHABLE_CODE = YES;
				CLANG_WARN__DUPLICATE_METHOD_MATCH = YES;
				"CODE_SIGN_IDENTITY[sdk=iphoneos*]" = "iPhone Developer";
				COPY_PHASE_STRIP = YES;
				ENABLE_NS_ASSERTIONS = NO;
				ENABLE_STRICT_OBJC_MSGSEND = YES;
				"EXCLUDED_ARCHS[sdk=iphonesimulator*]" = "";
				GCC_C_LANGUAGE_STANDARD = gnu99;
				GCC_NO_COMMON_BLOCKS = YES;
				GCC_WARN_64_TO_32_BIT_CONVERSION = YES;
				GCC_WARN_ABOUT_RETURN_TYPE = YES_ERROR;
				GCC_WARN_UNDECLARED_SELECTOR = YES;
				GCC_WARN_UNINITIALIZED_AUTOS = YES_AGGRESSIVE;
				GCC_WARN_UNUSED_FUNCTION = YES;
				GCC_WARN_UNUSED_VARIABLE = YES;
				IPHONEOS_DEPLOYMENT_TARGET = 11.0;
				MTL_ENABLE_DEBUG_INFO = NO;
				SDKROOT = iphoneos;
				VALIDATE_PRODUCT = YES;
			};
			name = Release;
		};
/* End XCBuildConfiguration section */

/* Begin XCConfigurationList section */
		13B07F931A680F5B00A75B9A /* Build configuration list for PBXNativeTarget "AccessibilityEngineExample" */ = {
			isa = XCConfigurationList;
			buildConfigurations = (
				13B07F941A680F5B00A75B9A /* Debug */,
				13B07F951A680F5B00A75B9A /* Release */,
			);
			defaultConfigurationIsVisible = 0;
			defaultConfigurationName = Release;
		};
		83CBB9FA1A601CBA00E9B192 /* Build configuration list for PBXProject "AccessibilityEngineExample" */ = {
			isa = XCConfigurationList;
			buildConfigurations = (
				83CBBA201A601CBA00E9B192 /* Debug */,
				83CBBA211A601CBA00E9B192 /* Release */,
			);
			defaultConfigurationIsVisible = 0;
			defaultConfigurationName = Release;
		};
/* End XCConfigurationList section */
	};
	rootObject = 83CBB9F71A601CBA00E9B192 /* Project object */;
}
